{
  "nodes": {
    "flake-utils": {
      "locked": {
        "lastModified": 1642700792,
        "narHash": "sha256-XqHrk7hFb+zBvRg6Ghl+AZDq03ov6OshJLiSWOoX5es=",
        "owner": "numtide",
        "repo": "flake-utils",
        "rev": "846b2ae0fc4cc943637d3d1def4454213e203cba",
        "type": "github"
      },
      "original": {
        "owner": "numtide",
        "repo": "flake-utils",
        "type": "github"
      }
    },
    "hedgedoc-cli-src": {
      "flake": false,
      "locked": {
        "lastModified": 1635953414,
        "narHash": "sha256-/4OOyGJfyphulSR5FzQz9g3CxbYZMk8OMN15LFokIq8=",
        "owner": "hedgedoc",
        "repo": "cli",
        "rev": "b2d17a376415428f75d87f955399dc71195ad2e9",
        "type": "github"
      },
      "original": {
        "owner": "hedgedoc",
        "repo": "cli",
        "type": "github"
      }
    },
    "nixpkgs": {
      "locked": {
        "lastModified": 1642970779,
        "narHash": "sha256-wccCiIecPkPE6wpidSRe9XEdJ6uCrNLmRtuhNwt1Kuk=",
        "owner": "NixOS",
        "repo": "nixpkgs",
        "rev": "a3d847c3bd3a3b75b3057d7b3730d3308dd8fd59",
        "type": "github"
      },
      "original": {
        "id": "nixpkgs",
        "type": "indirect"
      }
    },
    "root": {
      "inputs": {
        "flake-utils": "flake-utils",
        "hedgedoc-cli-src": "hedgedoc-cli-src",
        "nixpkgs": "nixpkgs"
      }
    }
  },
  "root": "root",
  "version": 7
}
