{
  "nodes": {
    "ema": {
      "flake": false,
      "locked": {
        "lastModified": 1655231448,
        "narHash": "sha256-LmAnOFKiqOWW9cQNZCbqFF0N1Mx073908voXz+4Fzic=",
        "owner": "srid",
        "repo": "ema",
        "rev": "da5b29f03c1edfb7f947666a5a818fb97cc3c229",
        "type": "github"
      },
      "original": {
        "owner": "srid",
        "ref": "multisite",
        "repo": "ema",
        "type": "github"
      }
    },
    "emanote": {
      "inputs": {
        "ema": "ema",
        "flake-parts": "flake-parts",
        "haskell-flake": "haskell-flake",
        "nixpkgs": "nixpkgs",
        "tailwind-haskell": "tailwind-haskell"
      },
      "locked": {
        "lastModified": 1655823900,
        "narHash": "sha256-YEDJxa2gPf2+GGyrkFz4EliCml1FyDualZtbbZEmljA=",
        "owner": "srid",
        "repo": "emanote",
        "rev": "147528d9df81b881214652ce0cefec0b3d52965e",
        "type": "github"
      },
      "original": {
        "owner": "srid",
        "repo": "emanote",
        "type": "github"
      }
    },
    "flake-compat": {
      "flake": false,
      "locked": {
        "lastModified": 1650374568,
        "narHash": "sha256-Z+s0J8/r907g149rllvwhb4pKi8Wam5ij0st8PwAh+E=",
        "owner": "edolstra",
        "repo": "flake-compat",
        "rev": "b4a34015c698c7793d592d66adbab377907a2be8",
        "type": "github"
      },
      "original": {
        "owner": "edolstra",
        "repo": "flake-compat",
        "type": "github"
      }
    },
    "flake-parts": {
      "inputs": {
        "nixpkgs": [
          "emanote",
          "nixpkgs"
        ]
      },
      "locked": {
        "lastModified": 1655570068,
        "narHash": "sha256-KUSd2a6KgYTHd2l3Goee/P+DrAC6n1Tau+7V68czSZU=",
        "owner": "hercules-ci",
        "repo": "flake-parts",
        "rev": "6dbc77b9c0477f8a9a6a9081077bb38c6a3dbb3a",
        "type": "github"
      },
      "original": {
        "owner": "hercules-ci",
        "repo": "flake-parts",
        "type": "github"
      }
    },
    "flake-utils": {
      "locked": {
        "lastModified": 1652776076,
        "narHash": "sha256-gzTw/v1vj4dOVbpBSJX4J0DwUR6LIyXo7/SuuTJp1kM=",
        "owner": "numtide",
        "repo": "flake-utils",
        "rev": "04c1b180862888302ddfb2e3ad9eaa63afc60cf8",
        "type": "github"
      },
      "original": {
        "owner": "numtide",
        "ref": "v1.0.0",
        "repo": "flake-utils",
        "type": "github"
      }
    },
    "flake-utils_2": {
      "locked": {
        "lastModified": 1649676176,
        "narHash": "sha256-OWKJratjt2RW151VUlJPRALb7OU2S5s+f0vLj4o1bHM=",
        "owner": "numtide",
        "repo": "flake-utils",
        "rev": "a4b154ebbdc88c8498a5c7b01589addc9e9cb678",
        "type": "github"
      },
      "original": {
        "owner": "numtide",
        "repo": "flake-utils",
        "type": "github"
      }
    },
    "haskell-flake": {
      "locked": {
        "lastModified": 1654001497,
        "narHash": "sha256-GfrpyoQrVT9Z/j9its8BQs3I5O5X5Lc2IkK922bz7zg=",
        "owner": "srid",
        "repo": "haskell-flake",
        "rev": "4c0b0ff295f0b97238a600d2381c37ee46b67f9c",
        "type": "github"
      },
      "original": {
        "owner": "srid",
        "repo": "haskell-flake",
        "type": "github"
      }
    },
    "nixpkgs": {
      "locked": {
        "lastModified": 1643322911,
        "narHash": "sha256-WLe4lXAYXH/v80iO02npX1wdXq4nIVEHJTONLXbQrL0=",
        "owner": "NixOS",
        "repo": "nixpkgs",
        "rev": "d9e21f284317f85b3476c0043f4efea87a226c3a",
        "type": "github"
      },
      "original": {
        "id": "nixpkgs",
        "type": "indirect"
      }
    },
    "nixpkgs_2": {
      "locked": {
        "lastModified": 1650501692,
        "narHash": "sha256-ApKf0/dc0SyB7zZ6yiiOQgcXAhCXxbSDyihHfRDIzx0=",
        "owner": "NixOS",
        "repo": "nixpkgs",
        "rev": "9887f024766aa27704d1f89f623efd1d063da92a",
        "type": "github"
      },
      "original": {
        "owner": "NixOS",
        "ref": "nixos-21.11",
        "repo": "nixpkgs",
        "type": "github"
      }
    },
    "root": {
      "inputs": {
        "emanote": "emanote",
        "flake-compat": "flake-compat",
        "flake-utils": "flake-utils_2",
        "nixpkgs": "nixpkgs_2"
      }
    },
    "tailwind-haskell": {
      "inputs": {
        "flake-utils": "flake-utils",
        "nixpkgs": [
          "emanote",
          "nixpkgs"
        ]
      },
      "locked": {
        "lastModified": 1654211622,
        "narHash": "sha256-N5Xa/JhF9PRgmt+ZVZFaHT7onezENxp7ktnGhhqOBaw=",
        "owner": "srid",
        "repo": "tailwind-haskell",
        "rev": "8d08cda7a1cb67435de1ba1739f65e25b303364f",
        "type": "github"
      },
      "original": {
        "owner": "srid",
        "ref": "master",
        "repo": "tailwind-haskell",
        "type": "github"
      }
    }
  },
  "root": "root",
  "version": 7
}
