{
  "nodes": {
    "basic": {
      "inputs": {
        "emacs": [
          "emacs"
        ],
        "mylib": [
          "mylib"
        ],
        "rodnix": [
          "rodnix"
        ]
      },
      "locked": {
        "dir": "basic",
        "lastModified": 1643777343,
        "narHash": "sha256-krq3V/FuyucuygLNVAzgSZu7ALu+6CaKchY7mGCXM9s=",
        "ref": "master",
        "rev": "dad482986ea381acaf06cbd80c25adbfaecd8766",
        "revCount": 294,
        "type": "git",
        "url": "https://git.lorrimar.id.au/rodney/config.git?dir=basic"
      },
      "original": {
        "dir": "basic",
        "type": "git",
        "url": "https://git.lorrimar.id.au/rodney/config.git?dir=basic"
      }
    },
    "customConfig": {
      "locked": {
        "lastModified": 1630400035,
        "narHash": "sha256-MWaVOCzuFwp09wZIW9iHq5wWen5C69I940N1swZLEQ0=",
        "owner": "input-output-hk",
        "repo": "empty-flake",
        "rev": "2040a05b67bf9a669ce17eca56beb14b4206a99a",
        "type": "github"
      },
      "original": {
        "owner": "input-output-hk",
        "repo": "empty-flake",
        "type": "github"
      }
    },
    "emacs": {
      "inputs": {
        "emacs-overlay": "emacs-overlay",
        "flake-utils": "flake-utils",
        "mylib": [
          "mylib"
        ],
        "nixpkgs": "nixpkgs",
        "nur": "nur"
      },
      "locked": {
        "dir": "emacs",
        "lastModified": 1643777343,
        "narHash": "sha256-krq3V/FuyucuygLNVAzgSZu7ALu+6CaKchY7mGCXM9s=",
        "ref": "master",
        "rev": "dad482986ea381acaf06cbd80c25adbfaecd8766",
        "revCount": 294,
        "type": "git",
        "url": "https://git.lorrimar.id.au/rodney/config.git?dir=emacs"
      },
      "original": {
        "dir": "emacs",
        "type": "git",
        "url": "https://git.lorrimar.id.au/rodney/config.git?dir=emacs"
      }
    },
    "emacs-overlay": {
      "locked": {
        "lastModified": 1643770667,
        "narHash": "sha256-vVyCvkF7IVIf8ruMQS/fqQ/ahRFPjv0nxGUSqI2z594=",
        "owner": "nix-community",
        "repo": "emacs-overlay",
        "rev": "e267a3c53088c9ab2a77335b6740b37041fa450f",
        "type": "github"
      },
      "original": {
        "owner": "nix-community",
        "repo": "emacs-overlay",
        "type": "github"
      }
    },
    "flake-utils": {
      "locked": {
        "lastModified": 1642700792,
        "narHash": "sha256-XqHrk7hFb+zBvRg6Ghl+AZDq03ov6OshJLiSWOoX5es=",
        "owner": "numtide",
        "repo": "flake-utils",
        "rev": "846b2ae0fc4cc943637d3d1def4454213e203cba",
        "type": "github"
      },
      "original": {
        "id": "flake-utils",
        "type": "indirect"
      }
    },
    "flake-utils_2": {
      "locked": {
        "lastModified": 1642700792,
        "narHash": "sha256-XqHrk7hFb+zBvRg6Ghl+AZDq03ov6OshJLiSWOoX5es=",
        "owner": "numtide",
        "repo": "flake-utils",
        "rev": "846b2ae0fc4cc943637d3d1def4454213e203cba",
        "type": "github"
      },
      "original": {
        "owner": "numtide",
        "repo": "flake-utils",
        "type": "github"
      }
    },
    "flake-utils_3": {
      "locked": {
        "lastModified": 1642700792,
        "narHash": "sha256-XqHrk7hFb+zBvRg6Ghl+AZDq03ov6OshJLiSWOoX5es=",
        "owner": "numtide",
        "repo": "flake-utils",
        "rev": "846b2ae0fc4cc943637d3d1def4454213e203cba",
        "type": "github"
      },
      "original": {
        "id": "flake-utils",
        "type": "indirect"
      }
    },
    "home-manager": {
      "inputs": {
        "nixpkgs": [
          "nixpkgs"
        ]
      },
      "locked": {
        "lastModified": 1642653493,
        "narHash": "sha256-22mGPjiHUo2Jmze4IjXCJLjeK2mbvvCztHmUyUMr4yw=",
        "owner": "nix-community",
        "repo": "home-manager",
        "rev": "28b9ae40c45c5e7711c353fee1b7af734e293979",
        "type": "github"
      },
      "original": {
        "owner": "nix-community",
        "ref": "release-21.11",
        "repo": "home-manager",
        "type": "github"
      }
    },
    "home-manager_2": {
      "inputs": {
        "nixpkgs": "nixpkgs_4"
      },
      "locked": {
        "lastModified": 1643579427,
        "narHash": "sha256-tV4M4+Aqd/3ZjEz1Q07j89KIlkt1oFH34RzpBkUeO/0=",
        "owner": "nix-community",
        "repo": "home-manager",
        "rev": "a52aed72c84a2a10102a92397339fa01fc0fe9cf",
        "type": "github"
      },
      "original": {
        "id": "home-manager",
        "type": "indirect"
      }
    },
    "iohk-binary-cache": {
      "locked": {
        "dir": "iohk-binary-cache",
        "lastModified": 1643777343,
        "narHash": "sha256-krq3V/FuyucuygLNVAzgSZu7ALu+6CaKchY7mGCXM9s=",
        "ref": "master",
        "rev": "dad482986ea381acaf06cbd80c25adbfaecd8766",
        "revCount": 294,
        "type": "git",
        "url": "https://git.lorrimar.id.au/rodney/config.git?dir=iohk-binary-cache"
      },
      "original": {
        "dir": "iohk-binary-cache",
        "type": "git",
        "url": "https://git.lorrimar.id.au/rodney/config.git?dir=iohk-binary-cache"
      }
    },
    "mylib": {
      "inputs": {
        "nixpkgs": "nixpkgs_2"
      },
      "locked": {
        "dir": "mylib",
        "lastModified": 1643777343,
        "narHash": "sha256-krq3V/FuyucuygLNVAzgSZu7ALu+6CaKchY7mGCXM9s=",
        "ref": "master",
        "rev": "dad482986ea381acaf06cbd80c25adbfaecd8766",
        "revCount": 294,
        "type": "git",
        "url": "https://git.lorrimar.id.au/rodney/config.git?dir=mylib"
      },
      "original": {
        "dir": "mylib",
        "type": "git",
        "url": "https://git.lorrimar.id.au/rodney/config.git?dir=mylib"
      }
    },
    "nixops-utils": {
      "locked": {
        "dir": "nixops-utils",
        "lastModified": 1643777343,
        "narHash": "sha256-krq3V/FuyucuygLNVAzgSZu7ALu+6CaKchY7mGCXM9s=",
        "ref": "master",
        "rev": "dad482986ea381acaf06cbd80c25adbfaecd8766",
        "revCount": 294,
        "type": "git",
        "url": "https://git.lorrimar.id.au/rodney/config.git?dir=nixops-utils"
      },
      "original": {
        "dir": "nixops-utils",
        "type": "git",
        "url": "https://git.lorrimar.id.au/rodney/config.git?dir=nixops-utils"
      }
    },
    "nixpkgs": {
      "locked": {
        "lastModified": 1643472818,
        "narHash": "sha256-qzVPxKDUubYIxKRSuDl/JgzXWSmGvUVYny9SxFMfPJM=",
        "owner": "NixOS",
        "repo": "nixpkgs",
        "rev": "7f65e4abd5ecaad12d2d26e4380d1a7d8edafea7",
        "type": "github"
      },
      "original": {
        "id": "nixpkgs",
        "type": "indirect"
      }
    },
    "nixpkgs-unstable": {
      "locked": {
        "lastModified": 1646051047,
        "narHash": "sha256-XDJGACWVeNs3OAECpx20zegX/YDigHOUZ1nVmCJUeEM=",
        "owner": "NixOS",
        "repo": "nixpkgs",
        "rev": "21968db378c9144f418c1e8e7002316aa8b75776",
        "type": "github"
      },
      "original": {
        "owner": "NixOS",
        "ref": "nixos-unstable-small",
        "repo": "nixpkgs",
        "type": "github"
      }
    },
    "nixpkgs_2": {
      "locked": {
        "lastModified": 1643472818,
        "narHash": "sha256-qzVPxKDUubYIxKRSuDl/JgzXWSmGvUVYny9SxFMfPJM=",
        "owner": "NixOS",
        "repo": "nixpkgs",
        "rev": "7f65e4abd5ecaad12d2d26e4380d1a7d8edafea7",
        "type": "github"
      },
      "original": {
        "id": "nixpkgs",
        "type": "indirect"
      }
    },
    "nixpkgs_3": {
      "locked": {
        "lastModified": 1644750380,
        "narHash": "sha256-c4LvV88zB9YvM/6rLElbq4e62XtEO9pBINqsrlmH++M=",
        "owner": "NixOS",
        "repo": "nixpkgs",
        "rev": "c28fb0a4671ff2715c1922719797615945e5b6a0",
        "type": "github"
      },
      "original": {
        "owner": "NixOS",
        "ref": "nixos-21.11",
        "repo": "nixpkgs",
        "type": "github"
      }
    },
    "nixpkgs_4": {
      "locked": {
        "lastModified": 1643472818,
        "narHash": "sha256-qzVPxKDUubYIxKRSuDl/JgzXWSmGvUVYny9SxFMfPJM=",
        "owner": "NixOS",
        "repo": "nixpkgs",
        "rev": "7f65e4abd5ecaad12d2d26e4380d1a7d8edafea7",
        "type": "github"
      },
      "original": {
        "id": "nixpkgs",
        "type": "indirect"
      }
    },
    "nixpkgs_5": {
      "locked": {
        "lastModified": 1643472818,
        "narHash": "sha256-qzVPxKDUubYIxKRSuDl/JgzXWSmGvUVYny9SxFMfPJM=",
        "owner": "NixOS",
        "repo": "nixpkgs",
        "rev": "7f65e4abd5ecaad12d2d26e4380d1a7d8edafea7",
        "type": "github"
      },
      "original": {
        "id": "nixpkgs",
        "type": "indirect"
      }
    },
    "nixpkgs_6": {
      "locked": {
        "lastModified": 1643472818,
        "narHash": "sha256-qzVPxKDUubYIxKRSuDl/JgzXWSmGvUVYny9SxFMfPJM=",
        "owner": "NixOS",
        "repo": "nixpkgs",
        "rev": "7f65e4abd5ecaad12d2d26e4380d1a7d8edafea7",
        "type": "github"
      },
      "original": {
        "id": "nixpkgs",
        "type": "indirect"
      }
    },
    "nur": {
      "locked": {
        "lastModified": 1643768062,
        "narHash": "sha256-kkoZkEUGLEvMFxoqqjHlHpc6bs2aYH7FISW7WfJRVyQ=",
        "owner": "nix-community",
        "repo": "NUR",
        "rev": "6b956239ed1f9ef75836dd7212b5e531f534b3b7",
        "type": "github"
      },
      "original": {
        "id": "nur",
        "type": "indirect"
      }
    },
    "rodnix": {
      "inputs": {
        "home-manager": "home-manager_2",
        "mylib": [
          "mylib"
        ],
        "nixpkgs": "nixpkgs_5"
      },
      "locked": {
        "dir": "rodnix",
        "lastModified": 1643777343,
        "narHash": "sha256-krq3V/FuyucuygLNVAzgSZu7ALu+6CaKchY7mGCXM9s=",
        "ref": "master",
        "rev": "dad482986ea381acaf06cbd80c25adbfaecd8766",
        "revCount": 294,
        "type": "git",
        "url": "https://git.lorrimar.id.au/rodney/config.git?dir=rodnix"
      },
      "original": {
        "dir": "rodnix",
        "type": "git",
        "url": "https://git.lorrimar.id.au/rodney/config.git?dir=rodnix"
      }
    },
    "root": {
      "inputs": {
        "basic": "basic",
        "customConfig": "customConfig",
        "emacs": "emacs",
        "flake-utils": "flake-utils_2",
        "home-manager": "home-manager",
        "iohk-binary-cache": "iohk-binary-cache",
        "mylib": "mylib",
        "nixops-utils": "nixops-utils",
        "nixpkgs": "nixpkgs_3",
        "nixpkgs-unstable": "nixpkgs-unstable",
        "rodnix": "rodnix",
        "scripts": "scripts"
      }
    },
    "scripts": {
      "inputs": {
        "flake-utils": "flake-utils_3",
        "mylib": [
          "mylib"
        ],
        "nixpkgs": "nixpkgs_6"
      },
      "locked": {
        "dir": "scripts",
        "lastModified": 1643777343,
        "narHash": "sha256-krq3V/FuyucuygLNVAzgSZu7ALu+6CaKchY7mGCXM9s=",
        "ref": "master",
        "rev": "dad482986ea381acaf06cbd80c25adbfaecd8766",
        "revCount": 294,
        "type": "git",
        "url": "https://git.lorrimar.id.au/rodney/config.git?dir=scripts"
      },
      "original": {
        "dir": "scripts",
        "type": "git",
        "url": "https://git.lorrimar.id.au/rodney/config.git?dir=scripts"
      }
    }
  },
  "root": "root",
  "version": 7
}
